{"is_source_file": false, "format": "", "description": "", "external_files": [], "external_methods": [], "published": [], "classes": [], "methods": [], "calls": [], "search-terms": [], "state": 2, "file_id": 16, "knowledge_revision": 31, "git_revision": "a2f76b1306c665fd01737b93bcb9fe1b5070a9db", "hash": "9c4ed7ef73e22b872b8055bec08b8979", "format-version": 4, "code-base-name": "default", "filename": "interview_mentor_web_app/post_process_status.lock", "revision_history": [{"31": "a2f76b1306c665fd01737b93bcb9fe1b5070a9db"}]}